
Microsoft Visual Studio Solution File, Format Version 12.00
# Visual Studio Version 17
VisualStudioVersion = 17.8.34525.116
MinimumVisualStudioVersion = 10.0.40219.1
Project("{FAE04EC0-301F-11D3-BF4B-00C04F79EFBC}") = "Vitxr.Payments.API", "Vitxr.Payments.API\Vitxr.Payments.API.csproj", "{AADFCEF4-3E98-47FE-9563-8441F6657C2C}"
EndProject
Global
	GlobalSection(SolutionConfigurationPlatforms) = preSolution
		Debug|Any CPU = Debug|Any CPU
		Release|Any CPU = Release|Any CPU
	EndGlobalSection
	GlobalSection(ProjectConfigurationPlatforms) = postSolution
		{AADFCEF4-3E98-47FE-9563-8441F6657C2C}.Debug|Any CPU.ActiveCfg = Debug|Any CPU
		{AADFCEF4-3E98-47FE-9563-8441F6657C2C}.Debug|Any CPU.Build.0 = Debug|Any CPU
		{AADFCEF4-3E98-47FE-9563-8441F6657C2C}.Release|Any CPU.ActiveCfg = Release|Any CPU
		{AADFCEF4-3E98-47FE-9563-8441F6657C2C}.Release|Any CPU.Build.0 = Release|Any CPU
	EndGlobalSection
	GlobalSection(SolutionProperties) = preSolution
		HideSolutionNode = FALSE
	EndGlobalSection
	GlobalSection(ExtensibilityGlobals) = postSolution
		SolutionGuid = {2508D741-56B6-40F2-B094-967368A87BF5}
	EndGlobalSection
EndGlobal
